
Microsoft Visual Studio Solution File, Format Version 12.00
# Visual Studio Version 16
VisualStudioVersion = 16.0.31205.134
MinimumVisualStudioVersion = 10.0.40219.1
Project("{FAE04EC0-301F-11D3-BF4B-00C04F79EFBC}") = "Ekipman Bulucu", "Ekipman Bulucu\Ekipman Bulucu.csproj", "{F81BBEE6-6CE4-4E4D-AC10-BCF924F9C00E}"
EndProject
Project("{54435603-DBB4-11D2-8724-00A0C9A8B90C}") = "IDE", "IDE\IDE.vdproj", "{ED7830FC-BA85-4413-9F35-DB15F5BB15ED}"
EndProject
Global
	GlobalSection(SolutionConfigurationPlatforms) = preSolution
		Debug|Any CPU = Debug|Any CPU
		Release|Any CPU = Release|Any CPU
	EndGlobalSection
	GlobalSection(ProjectConfigurationPlatforms) = postSolution
		{F81BBEE6-6CE4-4E4D-AC10-BCF924F9C00E}.Debug|Any CPU.ActiveCfg = Debug|Any CPU
		{F81BBEE6-6CE4-4E4D-AC10-BCF924F9C00E}.Debug|Any CPU.Build.0 = Debug|Any CPU
		{F81BBEE6-6CE4-4E4D-AC10-BCF924F9C00E}.Release|Any CPU.ActiveCfg = Release|Any CPU
		{F81BBEE6-6CE4-4E4D-AC10-BCF924F9C00E}.Release|Any CPU.Build.0 = Release|Any CPU
		{ED7830FC-BA85-4413-9F35-DB15F5BB15ED}.Debug|Any CPU.ActiveCfg = Debug
		{ED7830FC-BA85-4413-9F35-DB15F5BB15ED}.Release|Any CPU.ActiveCfg = Release
	EndGlobalSection
	GlobalSection(SolutionProperties) = preSolution
		HideSolutionNode = FALSE
	EndGlobalSection
	GlobalSection(ExtensibilityGlobals) = postSolution
		SolutionGuid = {E10BC13C-0AF9-44AD-8D30-027006641AFB}
	EndGlobalSection
EndGlobal
